
Microsoft Visual Studio Solution File, Format Version 12.00
# Visual Studio Version 17
VisualStudioVersion = 17.0.31903.59
MinimumVisualStudioVersion = 10.0.40219.1
Project("{FAE04EC0-301F-11D3-BF4B-00C04F79EFBC}") = "FractionOps", "FractionOps\FractionOps.csproj", "{AD7AF8C5-3C45-48BB-B201-B0E14E732168}"
EndProject
Project("{FAE04EC0-301F-11D3-BF4B-00C04F79EFBC}") = "GenericList", "GenericList\GenericList.csproj", "{3CFD812B-5A10-45A6-9A57-91731D4695E0}"
EndProject
Project("{FAE04EC0-301F-11D3-BF4B-00C04F79EFBC}") = "List", "List\List.csproj", "{4E99F396-07C2-41D1-8E7E-EE5988CE4F20}"
EndProject
Global
	GlobalSection(SolutionConfigurationPlatforms) = preSolution
		Debug|Any CPU = Debug|Any CPU
		Release|Any CPU = Release|Any CPU
	EndGlobalSection
	GlobalSection(SolutionProperties) = preSolution
		HideSolutionNode = FALSE
	EndGlobalSection
	GlobalSection(ProjectConfigurationPlatforms) = postSolution
		{AD7AF8C5-3C45-48BB-B201-B0E14E732168}.Debug|Any CPU.ActiveCfg = Debug|Any CPU
		{AD7AF8C5-3C45-48BB-B201-B0E14E732168}.Debug|Any CPU.Build.0 = Debug|Any CPU
		{AD7AF8C5-3C45-48BB-B201-B0E14E732168}.Release|Any CPU.ActiveCfg = Release|Any CPU
		{AD7AF8C5-3C45-48BB-B201-B0E14E732168}.Release|Any CPU.Build.0 = Release|Any CPU
		{3CFD812B-5A10-45A6-9A57-91731D4695E0}.Debug|Any CPU.ActiveCfg = Debug|Any CPU
		{3CFD812B-5A10-45A6-9A57-91731D4695E0}.Debug|Any CPU.Build.0 = Debug|Any CPU
		{3CFD812B-5A10-45A6-9A57-91731D4695E0}.Release|Any CPU.ActiveCfg = Release|Any CPU
		{3CFD812B-5A10-45A6-9A57-91731D4695E0}.Release|Any CPU.Build.0 = Release|Any CPU
		{4E99F396-07C2-41D1-8E7E-EE5988CE4F20}.Debug|Any CPU.ActiveCfg = Debug|Any CPU
		{4E99F396-07C2-41D1-8E7E-EE5988CE4F20}.Debug|Any CPU.Build.0 = Debug|Any CPU
		{4E99F396-07C2-41D1-8E7E-EE5988CE4F20}.Release|Any CPU.ActiveCfg = Release|Any CPU
		{4E99F396-07C2-41D1-8E7E-EE5988CE4F20}.Release|Any CPU.Build.0 = Release|Any CPU
	EndGlobalSection
EndGlobal
